// !$*UTF8*$!
{
	archiveVersion = 1;
	classes = {
	};
	objectVersion = 50;
	objects = {

/* Begin PBXBuildFile section */
		994D8D4626C74CA8004732BA /* PortfolioApp.swift in Sources */ = {isa = PBXBuildFile; fileRef = 994D8D4526C74CA8004732BA /* PortfolioApp.swift */; };
		994D8D4826C74CA8004732BA /* PortfolioView.swift in Sources */ = {isa = PBXBuildFile; fileRef = 994D8D4726C74CA8004732BA /* PortfolioView.swift */; };
		994D8D4A26C74CB3004732BA /* Assets.xcassets in Resources */ = {isa = PBXBuildFile; fileRef = 994D8D4926C74CB3004732BA /* Assets.xcassets */; };
		994D8D4D26C74CB3004732BA /* Preview Assets.xcassets in Resources */ = {isa = PBXBuildFile; fileRef = 994D8D4C26C74CB3004732BA /* Preview Assets.xcassets */; };
		994D8D6526C751D8004732BA /* Montserrat-Bold.ttf in Resources */ = {isa = PBXBuildFile; fileRef = 994D8D5C26C751D7004732BA /* Montserrat-Bold.ttf */; };
		994D8D6626C751D8004732BA /* Montserrat-Regular.ttf in Resources */ = {isa = PBXBuildFile; fileRef = 994D8D5D26C751D7004732BA /* Montserrat-Regular.ttf */; };
		994D8D6726C751D8004732BA /* Montserrat-Medium.ttf in Resources */ = {isa = PBXBuildFile; fileRef = 994D8D5E26C751D7004732BA /* Montserrat-Medium.ttf */; };
		994D8D6826C751D8004732BA /* Montserrat-ThinItalic.ttf in Resources */ = {isa = PBXBuildFile; fileRef = 994D8D5F26C751D7004732BA /* Montserrat-ThinItalic.ttf */; };
		994D8D6926C751D8004732BA /* Montserrat-MediumItalic.ttf in Resources */ = {isa = PBXBuildFile; fileRef = 994D8D6026C751D8004732BA /* Montserrat-MediumItalic.ttf */; };
		994D8D6A26C751D8004732BA /* Montserrat-Thin.ttf in Resources */ = {isa = PBXBuildFile; fileRef = 994D8D6126C751D8004732BA /* Montserrat-Thin.ttf */; };
		994D8D6B26C751D8004732BA /* Montserrat-Italic.ttf in Resources */ = {isa = PBXBuildFile; fileRef = 994D8D6226C751D8004732BA /* Montserrat-Italic.ttf */; };
		994D8D6C26C751D8004732BA /* Montserrat-SemiBold.ttf in Resources */ = {isa = PBXBuildFile; fileRef = 994D8D6326C751D8004732BA /* Montserrat-SemiBold.ttf */; };
		994D8D6D26C751D8004732BA /* Montserrat-SemiBoldItalic.ttf in Resources */ = {isa = PBXBuildFile; fileRef = 994D8D6426C751D8004732BA /* Montserrat-SemiBoldItalic.ttf */; };
		994D8D7026C752F4004732BA /* ColorExtensions.swift in Sources */ = {isa = PBXBuildFile; fileRef = 994D8D6F26C752F4004732BA /* ColorExtensions.swift */; };
		994D8D7326C753AD004732BA /* FontManager.swift in Sources */ = {isa = PBXBuildFile; fileRef = 994D8D7226C753AD004732BA /* FontManager.swift */; };
		994D8D7626C75B1F004732BA /* Portfolio.swift in Sources */ = {isa = PBXBuildFile; fileRef = 994D8D7526C75B1F004732BA /* Portfolio.swift */; };
		994D8D7826C75C8D004732BA /* AppModel.swift in Sources */ = {isa = PBXBuildFile; fileRef = 994D8D7726C75C8D004732BA /* AppModel.swift */; };
		994D8D7B26C76632004732BA /* HeaderView.swift in Sources */ = {isa = PBXBuildFile; fileRef = 994D8D7A26C76632004732BA /* HeaderView.swift */; };
		994D8D7D26C76B9E004732BA /* SkillView.swift in Sources */ = {isa = PBXBuildFile; fileRef = 994D8D7C26C76B9E004732BA /* SkillView.swift */; };
		994D8D7F26C76FE5004732BA /* SkillsView.swift in Sources */ = {isa = PBXBuildFile; fileRef = 994D8D7E26C76FE5004732BA /* SkillsView.swift */; };
		994D8D8126C77C40004732BA /* ExperienceView.swift in Sources */ = {isa = PBXBuildFile; fileRef = 994D8D8026C77C40004732BA /* ExperienceView.swift */; };
		994D8D8326C77FB3004732BA /* ExperiencesView.swift in Sources */ = {isa = PBXBuildFile; fileRef = 994D8D8226C77FB3004732BA /* ExperiencesView.swift */; };
/* End PBXBuildFile section */

/* Begin PBXFileReference section */
		994D8D4226C74CA8004732BA /* Portfolio.app */ = {isa = PBXFileReference; explicitFileType = wrapper.application; includeInIndex = 0; path = Portfolio.app; sourceTree = BUILT_PRODUCTS_DIR; };
		994D8D4526C74CA8004732BA /* PortfolioApp.swift */ = {isa = PBXFileReference; lastKnownFileType = sourcecode.swift; path = PortfolioApp.swift; sourceTree = "<group>"; };
		994D8D4726C74CA8004732BA /* PortfolioView.swift */ = {isa = PBXFileReference; lastKnownFileType = sourcecode.swift; path = PortfolioView.swift; sourceTree = "<group>"; };
		994D8D4926C74CB3004732BA /* Assets.xcassets */ = {isa = PBXFileReference; lastKnownFileType = folder.assetcatalog; path = Assets.xcassets; sourceTree = "<group>"; };
		994D8D4C26C74CB3004732BA /* Preview Assets.xcassets */ = {isa = PBXFileReference; lastKnownFileType = folder.assetcatalog; path = "Preview Assets.xcassets"; sourceTree = "<group>"; };
		994D8D4E26C74CB3004732BA /* Info.plist */ = {isa = PBXFileReference; lastKnownFileType = text.plist.xml; path = Info.plist; sourceTree = "<group>"; };
		994D8D5C26C751D7004732BA /* Montserrat-Bold.ttf */ = {isa = PBXFileReference; lastKnownFileType = file; path = "Montserrat-Bold.ttf"; sourceTree = "<group>"; };
		994D8D5D26C751D7004732BA /* Montserrat-Regular.ttf */ = {isa = PBXFileReference; lastKnownFileType = file; path = "Montserrat-Regular.ttf"; sourceTree = "<group>"; };
		994D8D5E26C751D7004732BA /* Montserrat-Medium.ttf */ = {isa = PBXFileReference; lastKnownFileType = file; path = "Montserrat-Medium.ttf"; sourceTree = "<group>"; };
		994D8D5F26C751D7004732BA /* Montserrat-ThinItalic.ttf */ = {isa = PBXFileReference; lastKnownFileType = file; path = "Montserrat-ThinItalic.ttf"; sourceTree = "<group>"; };
		994D8D6026C751D8004732BA /* Montserrat-MediumItalic.ttf */ = {isa = PBXFileReference; lastKnownFileType = file; path = "Montserrat-MediumItalic.ttf"; sourceTree = "<group>"; };
		994D8D6126C751D8004732BA /* Montserrat-Thin.ttf */ = {isa = PBXFileReference; lastKnownFileType = file; path = "Montserrat-Thin.ttf"; sourceTree = "<group>"; };
		994D8D6226C751D8004732BA /* Montserrat-Italic.ttf */ = {isa = PBXFileReference; lastKnownFileType = file; path = "Montserrat-Italic.ttf"; sourceTree = "<group>"; };
		994D8D6326C751D8004732BA /* Montserrat-SemiBold.ttf */ = {isa = PBXFileReference; lastKnownFileType = file; path = "Montserrat-SemiBold.ttf"; sourceTree = "<group>"; };
		994D8D6426C751D8004732BA /* Montserrat-SemiBoldItalic.ttf */ = {isa = PBXFileReference; lastKnownFileType = file; path = "Montserrat-SemiBoldItalic.ttf"; sourceTree = "<group>"; };
		994D8D6F26C752F4004732BA /* ColorExtensions.swift */ = {isa = PBXFileReference; lastKnownFileType = sourcecode.swift; path = ColorExtensions.swift; sourceTree = "<group>"; };
		994D8D7226C753AD004732BA /* FontManager.swift */ = {isa = PBXFileReference; lastKnownFileType = sourcecode.swift; path = FontManager.swift; sourceTree = "<group>"; };
		994D8D7526C75B1F004732BA /* Portfolio.swift */ = {isa = PBXFileReference; lastKnownFileType = sourcecode.swift; path = Portfolio.swift; sourceTree = "<group>"; };
		994D8D7726C75C8D004732BA /* AppModel.swift */ = {isa = PBXFileReference; lastKnownFileType = sourcecode.swift; path = AppModel.swift; sourceTree = "<group>"; };
		994D8D7A26C76632004732BA /* HeaderView.swift */ = {isa = PBXFileReference; lastKnownFileType = sourcecode.swift; path = HeaderView.swift; sourceTree = "<group>"; };
		994D8D7C26C76B9E004732BA /* SkillView.swift */ = {isa = PBXFileReference; lastKnownFileType = sourcecode.swift; path = SkillView.swift; sourceTree = "<group>"; };
		994D8D7E26C76FE5004732BA /* SkillsView.swift */ = {isa = PBXFileReference; lastKnownFileType = sourcecode.swift; path = SkillsView.swift; sourceTree = "<group>"; };
		994D8D8026C77C40004732BA /* ExperienceView.swift */ = {isa = PBXFileReference; lastKnownFileType = sourcecode.swift; path = ExperienceView.swift; sourceTree = "<group>"; };
		994D8D8226C77FB3004732BA /* ExperiencesView.swift */ = {isa = PBXFileReference; lastKnownFileType = sourcecode.swift; path = ExperiencesView.swift; sourceTree = "<group>"; };
/* End PBXFileReference section */

/* Begin PBXFrameworksBuildPhase section */
		994D8D3F26C74CA7004732BA /* Frameworks */ = {
			isa = PBXFrameworksBuildPhase;
			buildActionMask = 2147483647;
			files = (
			);
			runOnlyForDeploymentPostprocessing = 0;
		};
/* End PBXFrameworksBuildPhase section */

/* Begin PBXGroup section */
		994D8D3926C74CA7004732BA = {
			isa = PBXGroup;
			children = (
				994D8D4426C74CA8004732BA /* Portfolio */,
				994D8D4326C74CA8004732BA /* Products */,
			);
			sourceTree = "<group>";
		};
		994D8D4326C74CA8004732BA /* Products */ = {
			isa = PBXGroup;
			children = (
				994D8D4226C74CA8004732BA /* Portfolio.app */,
			);
			name = Products;
			sourceTree = "<group>";
		};
		994D8D4426C74CA8004732BA /* Portfolio */ = {
			isa = PBXGroup;
			children = (
				994D8D6E26C752B3004732BA /* Extensions */,
				994D8D5626C74EB1004732BA /* Code */,
				994D8D7126C7537D004732BA /* Utils */,
				994D8D5526C74D86004732BA /* Resources */,
			);
			path = Portfolio;
			sourceTree = "<group>";
		};
		994D8D4B26C74CB3004732BA /* Preview Content */ = {
			isa = PBXGroup;
			children = (
				994D8D4C26C74CB3004732BA /* Preview Assets.xcassets */,
			);
			path = "Preview Content";
			sourceTree = "<group>";
		};
		994D8D5526C74D86004732BA /* Resources */ = {
			isa = PBXGroup;
			children = (
				994D8D5B26C74F83004732BA /* Fonts */,
				994D8D4926C74CB3004732BA /* Assets.xcassets */,
				994D8D4E26C74CB3004732BA /* Info.plist */,
				994D8D4B26C74CB3004732BA /* Preview Content */,
			);
			path = Resources;
			sourceTree = "<group>";
		};
		994D8D5626C74EB1004732BA /* Code */ = {
			isa = PBXGroup;
			children = (
				994D8D5726C74EC4004732BA /* Controllers */,
				994D8D7426C75AD1004732BA /* Models */,
				994D8D5A26C74EF8004732BA /* Services */,
				994D8D5926C74EE4004732BA /* Views */,
			);
			path = Code;
			sourceTree = "<group>";
		};
		994D8D5726C74EC4004732BA /* Controllers */ = {
			isa = PBXGroup;
			children = (
				994D8D4526C74CA8004732BA /* PortfolioApp.swift */,
			);
			path = Controllers;
			sourceTree = "<group>";
		};
		994D8D5926C74EE4004732BA /* Views */ = {
			isa = PBXGroup;
			children = (
				994D8D7926C7660A004732BA /* Super Views */,
				994D8D4726C74CA8004732BA /* PortfolioView.swift */,
			);
			path = Views;
			sourceTree = "<group>";
		};
		994D8D5A26C74EF8004732BA /* Services */ = {
			isa = PBXGroup;
			children = (
				994D8D7726C75C8D004732BA /* AppModel.swift */,
			);
			path = Services;
			sourceTree = "<group>";
		};
		994D8D5B26C74F83004732BA /* Fonts */ = {
			isa = PBXGroup;
			children = (
				994D8D5C26C751D7004732BA /* Montserrat-Bold.ttf */,
				994D8D6226C751D8004732BA /* Montserrat-Italic.ttf */,
				994D8D5E26C751D7004732BA /* Montserrat-Medium.ttf */,
				994D8D6026C751D8004732BA /* Montserrat-MediumItalic.ttf */,
				994D8D5D26C751D7004732BA /* Montserrat-Regular.ttf */,
				994D8D6326C751D8004732BA /* Montserrat-SemiBold.ttf */,
				994D8D6426C751D8004732BA /* Montserrat-SemiBoldItalic.ttf */,
				994D8D6126C751D8004732BA /* Montserrat-Thin.ttf */,
				994D8D5F26C751D7004732BA /* Montserrat-ThinItalic.ttf */,
			);
			path = Fonts;
			sourceTree = "<group>";
		};
		994D8D6E26C752B3004732BA /* Extensions */ = {
			isa = PBXGroup;
			children = (
				994D8D6F26C752F4004732BA /* ColorExtensions.swift */,
			);
			path = Extensions;
			sourceTree = "<group>";
		};
		994D8D7126C7537D004732BA /* Utils */ = {
			isa = PBXGroup;
			children = (
				994D8D7226C753AD004732BA /* FontManager.swift */,
			);
			path = Utils;
			sourceTree = "<group>";
		};
		994D8D7426C75AD1004732BA /* Models */ = {
			isa = PBXGroup;
			children = (
				994D8D7526C75B1F004732BA /* Portfolio.swift */,
			);
			path = Models;
			sourceTree = "<group>";
		};
		994D8D7926C7660A004732BA /* Super Views */ = {
			isa = PBXGroup;
			children = (
				994D8D7A26C76632004732BA /* HeaderView.swift */,
				994D8D7C26C76B9E004732BA /* SkillView.swift */,
				994D8D7E26C76FE5004732BA /* SkillsView.swift */,
				994D8D8026C77C40004732BA /* ExperienceView.swift */,
				994D8D8226C77FB3004732BA /* ExperiencesView.swift */,
			);
			path = "Super Views";
			sourceTree = "<group>";
		};
/* End PBXGroup section */

/* Begin PBXNativeTarget section */
		994D8D4126C74CA7004732BA /* Portfolio */ = {
			isa = PBXNativeTarget;
			buildConfigurationList = 994D8D5126C74CB3004732BA /* Build configuration list for PBXNativeTarget "Portfolio" */;
			buildPhases = (
				994D8D3E26C74CA7004732BA /* Sources */,
				994D8D3F26C74CA7004732BA /* Frameworks */,
				994D8D4026C74CA7004732BA /* Resources */,
			);
			buildRules = (
			);
			dependencies = (
			);
			name = Portfolio;
			productName = Portfolio;
			productReference = 994D8D4226C74CA8004732BA /* Portfolio.app */;
			productType = "com.apple.product-type.application";
		};
/* End PBXNativeTarget section */

/* Begin PBXProject section */
		994D8D3A26C74CA7004732BA /* Project object */ = {
			isa = PBXProject;
			attributes = {
				LastSwiftUpdateCheck = 1250;
				LastUpgradeCheck = 1250;
				TargetAttributes = {
					994D8D4126C74CA7004732BA = {
						CreatedOnToolsVersion = 12.5.1;
					};
				};
			};
			buildConfigurationList = 994D8D3D26C74CA7004732BA /* Build configuration list for PBXProject "Portfolio" */;
			compatibilityVersion = "Xcode 9.3";
			developmentRegion = en;
			hasScannedForEncodings = 0;
			knownRegions = (
				en,
				Base,
			);
			mainGroup = 994D8D3926C74CA7004732BA;
			productRefGroup = 994D8D4326C74CA8004732BA /* Products */;
			projectDirPath = "";
			projectRoot = "";
			targets = (
				994D8D4126C74CA7004732BA /* Portfolio */,
			);
		};
/* End PBXProject section */

/* Begin PBXResourcesBuildPhase section */
		994D8D4026C74CA7004732BA /* Resources */ = {
			isa = PBXResourcesBuildPhase;
			buildActionMask = 2147483647;
			files = (
				994D8D6626C751D8004732BA /* Montserrat-Regular.ttf in Resources */,
				994D8D6D26C751D8004732BA /* Montserrat-SemiBoldItalic.ttf in Resources */,
				994D8D6726C751D8004732BA /* Montserrat-Medium.ttf in Resources */,
				994D8D6926C751D8004732BA /* Montserrat-MediumItalic.ttf in Resources */,
				994D8D6826C751D8004732BA /* Montserrat-ThinItalic.ttf in Resources */,
				994D8D6C26C751D8004732BA /* Montserrat-SemiBold.ttf in Resources */,
				994D8D4D26C74CB3004732BA /* Preview Assets.xcassets in Resources */,
				994D8D4A26C74CB3004732BA /* Assets.xcassets in Resources */,
				994D8D6B26C751D8004732BA /* Montserrat-Italic.ttf in Resources */,
				994D8D6A26C751D8004732BA /* Montserrat-Thin.ttf in Resources */,
				994D8D6526C751D8004732BA /* Montserrat-Bold.ttf in Resources */,
			);
			runOnlyForDeploymentPostprocessing = 0;
		};
/* End PBXResourcesBuildPhase section */

/* Begin PBXSourcesBuildPhase section */
		994D8D3E26C74CA7004732BA /* Sources */ = {
			isa = PBXSourcesBuildPhase;
			buildActionMask = 2147483647;
			files = (
				994D8D4826C74CA8004732BA /* PortfolioView.swift in Sources */,
				994D8D7826C75C8D004732BA /* AppModel.swift in Sources */,
				994D8D8326C77FB3004732BA /* ExperiencesView.swift in Sources */,
				994D8D4626C74CA8004732BA /* PortfolioApp.swift in Sources */,
				994D8D7F26C76FE5004732BA /* SkillsView.swift in Sources */,
				994D8D7326C753AD004732BA /* FontManager.swift in Sources */,
				994D8D7D26C76B9E004732BA /* SkillView.swift in Sources */,
				994D8D7026C752F4004732BA /* ColorExtensions.swift in Sources */,
				994D8D7626C75B1F004732BA /* Portfolio.swift in Sources */,
				994D8D8126C77C40004732BA /* ExperienceView.swift in Sources */,
				994D8D7B26C76632004732BA /* HeaderView.swift in Sources */,
			);
			runOnlyForDeploymentPostprocessing = 0;
		};
/* End PBXSourcesBuildPhase section */

/* Begin XCBuildConfiguration section */
		994D8D4F26C74CB3004732BA /* Debug */ = {
			isa = XCBuildConfiguration;
			buildSettings = {
				ALWAYS_SEARCH_USER_PATHS = NO;
				CLANG_ANALYZER_NONNULL = YES;
				CLANG_ANALYZER_NUMBER_OBJECT_CONVERSION = YES_AGGRESSIVE;
				CLANG_CXX_LANGUAGE_STANDARD = "gnu++14";
				CLANG_CXX_LIBRARY = "libc++";
				CLANG_ENABLE_MODULES = YES;
				CLANG_ENABLE_OBJC_ARC = YES;
				CLANG_ENABLE_OBJC_WEAK = YES;
				CLANG_WARN_BLOCK_CAPTURE_AUTORELEASING = YES;
				CLANG_WARN_BOOL_CONVERSION = YES;
				CLANG_WARN_COMMA = YES;
				CLANG_WARN_CONSTANT_CONVERSION = YES;
				CLANG_WARN_DEPRECATED_OBJC_IMPLEMENTATIONS = YES;
				CLANG_WARN_DIRECT_OBJC_ISA_USAGE = YES_ERROR;
				CLANG_WARN_DOCUMENTATION_COMMENTS = YES;
				CLANG_WARN_EMPTY_BODY = YES;
				CLANG_WARN_ENUM_CONVERSION = YES;
				CLANG_WARN_INFINITE_RECURSION = YES;
				CLANG_WARN_INT_CONVERSION = YES;
				CLANG_WARN_NON_LITERAL_NULL_CONVERSION = YES;
				CLANG_WARN_OBJC_IMPLICIT_RETAIN_SELF = YES;
				CLANG_WARN_OBJC_LITERAL_CONVERSION = YES;
				CLANG_WARN_OBJC_ROOT_CLASS = YES_ERROR;
				CLANG_WARN_QUOTED_INCLUDE_IN_FRAMEWORK_HEADER = YES;
				CLANG_WARN_RANGE_LOOP_ANALYSIS = YES;
				CLANG_WARN_STRICT_PROTOTYPES = YES;
				CLANG_WARN_SUSPICIOUS_MOVE = YES;
				CLANG_WARN_UNGUARDED_AVAILABILITY = YES_AGGRESSIVE;
				CLANG_WARN_UNREACHABLE_CODE = YES;
				CLANG_WARN__DUPLICATE_METHOD_MATCH = YES;
				COPY_PHASE_STRIP = NO;
				DEBUG_INFORMATION_FORMAT = dwarf;
				ENABLE_STRICT_OBJC_MSGSEND = YES;
				ENABLE_TESTABILITY = YES;
				GCC_C_LANGUAGE_STANDARD = gnu11;
				GCC_DYNAMIC_NO_PIC = NO;
				GCC_NO_COMMON_BLOCKS = YES;
				GCC_OPTIMIZATION_LEVEL = 0;
				GCC_PREPROCESSOR_DEFINITIONS = (
					"DEBUG=1",
					"$(inherited)",
				);
				GCC_WARN_64_TO_32_BIT_CONVERSION = YES;
				GCC_WARN_ABOUT_RETURN_TYPE = YES_ERROR;
				GCC_WARN_UNDECLARED_SELECTOR = YES;
				GCC_WARN_UNINITIALIZED_AUTOS = YES_AGGRESSIVE;
				GCC_WARN_UNUSED_FUNCTION = YES;
				GCC_WARN_UNUSED_VARIABLE = YES;
				IPHONEOS_DEPLOYMENT_TARGET = 14.5;
				MTL_ENABLE_DEBUG_INFO = INCLUDE_SOURCE;
				MTL_FAST_MATH = YES;
				ONLY_ACTIVE_ARCH = YES;
				SDKROOT = iphoneos;
				SWIFT_ACTIVE_COMPILATION_CONDITIONS = DEBUG;
				SWIFT_OPTIMIZATION_LEVEL = "-Onone";
			};
			name = Debug;
		};
		994D8D5026C74CB3004732BA /* Release */ = {
			isa = XCBuildConfiguration;
			buildSettings = {
				ALWAYS_SEARCH_USER_PATHS = NO;
				CLANG_ANALYZER_NONNULL = YES;
				CLANG_ANALYZER_NUMBER_OBJECT_CONVERSION = YES_AGGRESSIVE;
				CLANG_CXX_LANGUAGE_STANDARD = "gnu++14";
				CLANG_CXX_LIBRARY = "libc++";
				CLANG_ENABLE_MODULES = YES;
				CLANG_ENABLE_OBJC_ARC = YES;
				CLANG_ENABLE_OBJC_WEAK = YES;
				CLANG_WARN_BLOCK_CAPTURE_AUTORELEASING = YES;
				CLANG_WARN_BOOL_CONVERSION = YES;
				CLANG_WARN_COMMA = YES;
				CLANG_WARN_CONSTANT_CONVERSION = YES;
				CLANG_WARN_DEPRECATED_OBJC_IMPLEMENTATIONS = YES;
				CLANG_WARN_DIRECT_OBJC_ISA_USAGE = YES_ERROR;
				CLANG_WARN_DOCUMENTATION_COMMENTS = YES;
				CLANG_WARN_EMPTY_BODY = YES;
				CLANG_WARN_ENUM_CONVERSION = YES;
				CLANG_WARN_INFINITE_RECURSION = YES;
				CLANG_WARN_INT_CONVERSION = YES;
				CLANG_WARN_NON_LITERAL_NULL_CONVERSION = YES;
				CLANG_WARN_OBJC_IMPLICIT_RETAIN_SELF = YES;
				CLANG_WARN_OBJC_LITERAL_CONVERSION = YES;
				CLANG_WARN_OBJC_ROOT_CLASS = YES_ERROR;
				CLANG_WARN_QUOTED_INCLUDE_IN_FRAMEWORK_HEADER = YES;
				CLANG_WARN_RANGE_LOOP_ANALYSIS = YES;
				CLANG_WARN_STRICT_PROTOTYPES = YES;
				CLANG_WARN_SUSPICIOUS_MOVE = YES;
				CLANG_WARN_UNGUARDED_AVAILABILITY = YES_AGGRESSIVE;
				CLANG_WARN_UNREACHABLE_CODE = YES;
				CLANG_WARN__DUPLICATE_METHOD_MATCH = YES;
				COPY_PHASE_STRIP = NO;
				DEBUG_INFORMATION_FORMAT = "dwarf-with-dsym";
				ENABLE_NS_ASSERTIONS = NO;
				ENABLE_STRICT_OBJC_MSGSEND = YES;
				GCC_C_LANGUAGE_STANDARD = gnu11;
				GCC_NO_COMMON_BLOCKS = YES;
				GCC_WARN_64_TO_32_BIT_CONVERSION = YES;
				GCC_WARN_ABOUT_RETURN_TYPE = YES_ERROR;
				GCC_WARN_UNDECLARED_SELECTOR = YES;
				GCC_WARN_UNINITIALIZED_AUTOS = YES_AGGRESSIVE;
				GCC_WARN_UNUSED_FUNCTION = YES;
				GCC_WARN_UNUSED_VARIABLE = YES;
				IPHONEOS_DEPLOYMENT_TARGET = 14.5;
				MTL_ENABLE_DEBUG_INFO = NO;
				MTL_FAST_MATH = YES;
				SDKROOT = iphoneos;
				SWIFT_COMPILATION_MODE = wholemodule;
				SWIFT_OPTIMIZATION_LEVEL = "-O";
				VALIDATE_PRODUCT = YES;
			};
			name = Release;
		};
		994D8D5226C74CB3004732BA /* Debug */ = {
			isa = XCBuildConfiguration;
			buildSettings = {
				ASSETCATALOG_COMPILER_APPICON_NAME = AppIcon;
				ASSETCATALOG_COMPILER_GLOBAL_ACCENT_COLOR_NAME = AccentColor;
				CODE_SIGN_STYLE = Automatic;
				DEVELOPMENT_ASSET_PATHS = "\"Portfolio/Resources/Preview Content\"";
				DEVELOPMENT_TEAM = G28CD4DDM9;
				ENABLE_PREVIEWS = YES;
				INFOPLIST_FILE = Portfolio/Resources/Info.plist;
				IPHONEOS_DEPLOYMENT_TARGET = 14.0;
				LD_RUNPATH_SEARCH_PATHS = (
					"$(inherited)",
					"@executable_path/Frameworks",
				);
				PRODUCT_BUNDLE_IDENTIFIER = org.to48.Portfolio;
				PRODUCT_NAME = "$(TARGET_NAME)";
				SWIFT_VERSION = 5.0;
				TARGETED_DEVICE_FAMILY = "1,2";
			};
			name = Debug;
		};
		994D8D5326C74CB3004732BA /* Release */ = {
			isa = XCBuildConfiguration;
			buildSettings = {
				ASSETCATALOG_COMPILER_APPICON_NAME = AppIcon;
				ASSETCATALOG_COMPILER_GLOBAL_ACCENT_COLOR_NAME = AccentColor;
				CODE_SIGN_STYLE = Automatic;
				DEVELOPMENT_ASSET_PATHS = "\"Portfolio/Resources/Preview Content\"";
				DEVELOPMENT_TEAM = G28CD4DDM9;
				ENABLE_PREVIEWS = YES;
				INFOPLIST_FILE = Portfolio/Resources/Info.plist;
				IPHONEOS_DEPLOYMENT_TARGET = 14.0;
				LD_RUNPATH_SEARCH_PATHS = (
					"$(inherited)",
					"@executable_path/Frameworks",
				);
				PRODUCT_BUNDLE_IDENTIFIER = org.to48.Portfolio;
				PRODUCT_NAME = "$(TARGET_NAME)";
				SWIFT_VERSION = 5.0;
				TARGETED_DEVICE_FAMILY = "1,2";
			};
			name = Release;
		};
/* End XCBuildConfiguration section */

/* Begin XCConfigurationList section */
		994D8D3D26C74CA7004732BA /* Build configuration list for PBXProject "Portfolio" */ = {
			isa = XCConfigurationList;
			buildConfigurations = (
				994D8D4F26C74CB3004732BA /* Debug */,
				994D8D5026C74CB3004732BA /* Release */,
			);
			defaultConfigurationIsVisible = 0;
			defaultConfigurationName = Release;
		};
		994D8D5126C74CB3004732BA /* Build configuration list for PBXNativeTarget "Portfolio" */ = {
			isa = XCConfigurationList;
			buildConfigurations = (
				994D8D5226C74CB3004732BA /* Debug */,
				994D8D5326C74CB3004732BA /* Release */,
			);
			defaultConfigurationIsVisible = 0;
			defaultConfigurationName = Release;
		};
/* End XCConfigurationList section */
	};
	rootObject = 994D8D3A26C74CA7004732BA /* Project object */;
}
